
Microsoft Visual Studio Solution File, Format Version 12.00
# Visual Studio Version 17
VisualStudioVersion = 17.7.34031.279
MinimumVisualStudioVersion = 10.0.40219.1
Project("{FAE04EC0-301F-11D3-BF4B-00C04F79EFBC}") = "AWS.web", "AWS.web\AWS.web.csproj", "{2754A150-326C-48A9-BB99-053CC0115FD5}"
EndProject
Global
	GlobalSection(SolutionConfigurationPlatforms) = preSolution
		Debug|Any CPU = Debug|Any CPU
		Release|Any CPU = Release|Any CPU
	EndGlobalSection
	GlobalSection(ProjectConfigurationPlatforms) = postSolution
		{2754A150-326C-48A9-BB99-053CC0115FD5}.Debug|Any CPU.ActiveCfg = Debug|Any CPU
		{2754A150-326C-48A9-BB99-053CC0115FD5}.Debug|Any CPU.Build.0 = Debug|Any CPU
		{2754A150-326C-48A9-BB99-053CC0115FD5}.Release|Any CPU.ActiveCfg = Release|Any CPU
		{2754A150-326C-48A9-BB99-053CC0115FD5}.Release|Any CPU.Build.0 = Release|Any CPU
	EndGlobalSection
	GlobalSection(SolutionProperties) = preSolution
		HideSolutionNode = FALSE
	EndGlobalSection
	GlobalSection(ExtensibilityGlobals) = postSolution
		SolutionGuid = {16A4FF3A-A40E-4CDD-BE82-293550A6B4A4}
	EndGlobalSection
EndGlobal
